// !$*UTF8*$!
{
	archiveVersion = 1;
	classes = {
	};
	objectVersion = 50;
	objects = {

/* Begin PBXBuildFile section */
		413C9A7F237F236500340C7F /* Player.swift in Sources */ = {isa = PBXBuildFile; fileRef = 413C9A7E237F236500340C7F /* Player.swift */; };
		413C9A8A237F2F5D00340C7F /* CaddieUnitTests.swift in Sources */ = {isa = PBXBuildFile; fileRef = 413C9A89237F2F5D00340C7F /* CaddieUnitTests.swift */; };
		417466C72379CBBE00C6B282 /* PlayGameTableViewController.swift in Sources */ = {isa = PBXBuildFile; fileRef = 417466C62379CBBE00C6B282 /* PlayGameTableViewController.swift */; };
		41784F892367696A00FB93E9 /* AppDelegate.swift in Sources */ = {isa = PBXBuildFile; fileRef = 41784F882367696A00FB93E9 /* AppDelegate.swift */; };
		41784F8B2367696A00FB93E9 /* HomeViewController.swift in Sources */ = {isa = PBXBuildFile; fileRef = 41784F8A2367696A00FB93E9 /* HomeViewController.swift */; };
		41784F8E2367696A00FB93E9 /* Main.storyboard in Resources */ = {isa = PBXBuildFile; fileRef = 41784F8C2367696A00FB93E9 /* Main.storyboard */; };
		41784F902367696C00FB93E9 /* Assets.xcassets in Resources */ = {isa = PBXBuildFile; fileRef = 41784F8F2367696C00FB93E9 /* Assets.xcassets */; };
		41784F932367696C00FB93E9 /* LaunchScreen.storyboard in Resources */ = {isa = PBXBuildFile; fileRef = 41784F912367696C00FB93E9 /* LaunchScreen.storyboard */; };
		41784FA923676B1C00FB93E9 /* PlayerTableViewCell.swift in Sources */ = {isa = PBXBuildFile; fileRef = 41784FA823676B1C00FB93E9 /* PlayerTableViewCell.swift */; };
		41784FAB23676FA500FB93E9 /* PlayerTableViewController.swift in Sources */ = {isa = PBXBuildFile; fileRef = 41784FAA23676FA500FB93E9 /* PlayerTableViewController.swift */; };
		41784FAD236770F600FB93E9 /* EditPlayerViewController.swift in Sources */ = {isa = PBXBuildFile; fileRef = 41784FAC236770F600FB93E9 /* EditPlayerViewController.swift */; };
		41986BE72378935C00D0A85E /* ConfigureTeamsViewController.swift in Sources */ = {isa = PBXBuildFile; fileRef = 41986BE62378935C00D0A85E /* ConfigureTeamsViewController.swift */; };
		41986BE9237893E300D0A85E /* TeamsKindViewController.swift in Sources */ = {isa = PBXBuildFile; fileRef = 41986BE8237893E300D0A85E /* TeamsKindViewController.swift */; };
		41986BEB2378C52900D0A85E /* TeamsKindTableViewController.swift in Sources */ = {isa = PBXBuildFile; fileRef = 41986BEA2378C52900D0A85E /* TeamsKindTableViewController.swift */; };
		41986BED2378C5BE00D0A85E /* TeamsKindTableViewCell.swift in Sources */ = {isa = PBXBuildFile; fileRef = 41986BEC2378C5BE00D0A85E /* TeamsKindTableViewCell.swift */; };
		41986BEF2378E73300D0A85E /* Team.swift in Sources */ = {isa = PBXBuildFile; fileRef = 41986BEE2378E73300D0A85E /* Team.swift */; };
		41FA555D2371D73F0015B527 /* EditCourseViewController.swift in Sources */ = {isa = PBXBuildFile; fileRef = 41FA555C2371D73F0015B527 /* EditCourseViewController.swift */; };
		41FA55892371F8050015B527 /* CourseTableViewController.swift in Sources */ = {isa = PBXBuildFile; fileRef = 41FA55882371F8050015B527 /* CourseTableViewController.swift */; };
		41FA558B2371F81E0015B527 /* CourseTableViewCell.swift in Sources */ = {isa = PBXBuildFile; fileRef = 41FA558A2371F81E0015B527 /* CourseTableViewCell.swift */; };
		41FA558D2371F8560015B527 /* Course.swift in Sources */ = {isa = PBXBuildFile; fileRef = 41FA558C2371F8560015B527 /* Course.swift */; };
/* End PBXBuildFile section */

/* Begin PBXContainerItemProxy section */
		413C9A8C237F2F5D00340C7F /* PBXContainerItemProxy */ = {
			isa = PBXContainerItemProxy;
			containerPortal = 41784F7D2367696A00FB93E9 /* Project object */;
			proxyType = 1;
			remoteGlobalIDString = 41784F842367696A00FB93E9;
			remoteInfo = Caddie;
		};
/* End PBXContainerItemProxy section */

/* Begin PBXFileReference section */
		413C9A7E237F236500340C7F /* Player.swift */ = {isa = PBXFileReference; lastKnownFileType = sourcecode.swift; path = Player.swift; sourceTree = "<group>"; };
		413C9A87237F2F5D00340C7F /* CaddieUnitTests.xctest */ = {isa = PBXFileReference; explicitFileType = wrapper.cfbundle; includeInIndex = 0; path = CaddieUnitTests.xctest; sourceTree = BUILT_PRODUCTS_DIR; };
		413C9A89237F2F5D00340C7F /* CaddieUnitTests.swift */ = {isa = PBXFileReference; lastKnownFileType = sourcecode.swift; path = CaddieUnitTests.swift; sourceTree = "<group>"; };
		413C9A8B237F2F5D00340C7F /* Info.plist */ = {isa = PBXFileReference; lastKnownFileType = text.plist.xml; path = Info.plist; sourceTree = "<group>"; };
		417466C62379CBBE00C6B282 /* PlayGameTableViewController.swift */ = {isa = PBXFileReference; lastKnownFileType = sourcecode.swift; path = PlayGameTableViewController.swift; sourceTree = "<group>"; };
		41784F852367696A00FB93E9 /* Caddie.app */ = {isa = PBXFileReference; explicitFileType = wrapper.application; includeInIndex = 0; path = Caddie.app; sourceTree = BUILT_PRODUCTS_DIR; };
		41784F882367696A00FB93E9 /* AppDelegate.swift */ = {isa = PBXFileReference; lastKnownFileType = sourcecode.swift; path = AppDelegate.swift; sourceTree = "<group>"; };
		41784F8A2367696A00FB93E9 /* HomeViewController.swift */ = {isa = PBXFileReference; lastKnownFileType = sourcecode.swift; path = HomeViewController.swift; sourceTree = "<group>"; };
		41784F8D2367696A00FB93E9 /* Base */ = {isa = PBXFileReference; lastKnownFileType = file.storyboard; name = Base; path = Base.lproj/Main.storyboard; sourceTree = "<group>"; };
		41784F8F2367696C00FB93E9 /* Assets.xcassets */ = {isa = PBXFileReference; lastKnownFileType = folder.assetcatalog; path = Assets.xcassets; sourceTree = "<group>"; };
		41784F922367696C00FB93E9 /* Base */ = {isa = PBXFileReference; lastKnownFileType = file.storyboard; name = Base; path = Base.lproj/LaunchScreen.storyboard; sourceTree = "<group>"; };
		41784F942367696C00FB93E9 /* Info.plist */ = {isa = PBXFileReference; lastKnownFileType = text.plist.xml; path = Info.plist; sourceTree = "<group>"; };
		41784F9D2367696C00FB93E9 /* CaddieTests.swift */ = {isa = PBXFileReference; lastKnownFileType = sourcecode.swift; path = CaddieTests.swift; sourceTree = "<group>"; };
		41784F9F2367696C00FB93E9 /* Info.plist */ = {isa = PBXFileReference; lastKnownFileType = text.plist.xml; path = Info.plist; sourceTree = "<group>"; };
		41784FA823676B1C00FB93E9 /* PlayerTableViewCell.swift */ = {isa = PBXFileReference; lastKnownFileType = sourcecode.swift; path = PlayerTableViewCell.swift; sourceTree = "<group>"; };
		41784FAA23676FA500FB93E9 /* PlayerTableViewController.swift */ = {isa = PBXFileReference; lastKnownFileType = sourcecode.swift; path = PlayerTableViewController.swift; sourceTree = "<group>"; };
		41784FAC236770F600FB93E9 /* EditPlayerViewController.swift */ = {isa = PBXFileReference; lastKnownFileType = sourcecode.swift; path = EditPlayerViewController.swift; sourceTree = "<group>"; };
		41986BE62378935C00D0A85E /* ConfigureTeamsViewController.swift */ = {isa = PBXFileReference; lastKnownFileType = sourcecode.swift; path = ConfigureTeamsViewController.swift; sourceTree = "<group>"; };
		41986BE8237893E300D0A85E /* TeamsKindViewController.swift */ = {isa = PBXFileReference; lastKnownFileType = sourcecode.swift; path = TeamsKindViewController.swift; sourceTree = "<group>"; };
		41986BEA2378C52900D0A85E /* TeamsKindTableViewController.swift */ = {isa = PBXFileReference; lastKnownFileType = sourcecode.swift; path = TeamsKindTableViewController.swift; sourceTree = "<group>"; };
		41986BEC2378C5BE00D0A85E /* TeamsKindTableViewCell.swift */ = {isa = PBXFileReference; lastKnownFileType = sourcecode.swift; path = TeamsKindTableViewCell.swift; sourceTree = "<group>"; };
		41986BEE2378E73300D0A85E /* Team.swift */ = {isa = PBXFileReference; lastKnownFileType = sourcecode.swift; path = Team.swift; sourceTree = "<group>"; };
		41FA555C2371D73F0015B527 /* EditCourseViewController.swift */ = {isa = PBXFileReference; lastKnownFileType = sourcecode.swift; path = EditCourseViewController.swift; sourceTree = "<group>"; };
		41FA55882371F8050015B527 /* CourseTableViewController.swift */ = {isa = PBXFileReference; lastKnownFileType = sourcecode.swift; path = CourseTableViewController.swift; sourceTree = "<group>"; };
		41FA558A2371F81E0015B527 /* CourseTableViewCell.swift */ = {isa = PBXFileReference; lastKnownFileType = sourcecode.swift; path = CourseTableViewCell.swift; sourceTree = "<group>"; };
		41FA558C2371F8560015B527 /* Course.swift */ = {isa = PBXFileReference; lastKnownFileType = sourcecode.swift; path = Course.swift; sourceTree = "<group>"; };
/* End PBXFileReference section */

/* Begin PBXFrameworksBuildPhase section */
		413C9A84237F2F5D00340C7F /* Frameworks */ = {
			isa = PBXFrameworksBuildPhase;
			buildActionMask = 2147483647;
			files = (
			);
			runOnlyForDeploymentPostprocessing = 0;
		};
		41784F822367696A00FB93E9 /* Frameworks */ = {
			isa = PBXFrameworksBuildPhase;
			buildActionMask = 2147483647;
			files = (
			);
			runOnlyForDeploymentPostprocessing = 0;
		};
/* End PBXFrameworksBuildPhase section */

/* Begin PBXGroup section */
		413C9A80237F2BAB00340C7F /* VOs */ = {
			isa = PBXGroup;
			children = (
				41986BEE2378E73300D0A85E /* Team.swift */,
				41FA558C2371F8560015B527 /* Course.swift */,
				413C9A7E237F236500340C7F /* Player.swift */,
			);
			path = VOs;
			sourceTree = "<group>";
		};
		413C9A81237F2BE200340C7F /* Views */ = {
			isa = PBXGroup;
			children = (
				41784FA823676B1C00FB93E9 /* PlayerTableViewCell.swift */,
				41FA558A2371F81E0015B527 /* CourseTableViewCell.swift */,
				41986BEC2378C5BE00D0A85E /* TeamsKindTableViewCell.swift */,
			);
			path = Views;
			sourceTree = "<group>";
		};
		413C9A82237F2C0500340C7F /* ViewControllers */ = {
			isa = PBXGroup;
			children = (
				41784F8A2367696A00FB93E9 /* HomeViewController.swift */,
				41784FAC236770F600FB93E9 /* EditPlayerViewController.swift */,
				41784FAA23676FA500FB93E9 /* PlayerTableViewController.swift */,
				41FA555C2371D73F0015B527 /* EditCourseViewController.swift */,
				41FA55882371F8050015B527 /* CourseTableViewController.swift */,
				41986BE8237893E300D0A85E /* TeamsKindViewController.swift */,
				41986BEA2378C52900D0A85E /* TeamsKindTableViewController.swift */,
				41986BE62378935C00D0A85E /* ConfigureTeamsViewController.swift */,
				417466C62379CBBE00C6B282 /* PlayGameTableViewController.swift */,
			);
			path = ViewControllers;
			sourceTree = "<group>";
		};
		413C9A88237F2F5D00340C7F /* CaddieUnitTests */ = {
			isa = PBXGroup;
			children = (
				413C9A89237F2F5D00340C7F /* CaddieUnitTests.swift */,
				413C9A8B237F2F5D00340C7F /* Info.plist */,
			);
			path = CaddieUnitTests;
			sourceTree = "<group>";
		};
		41784F7C2367696A00FB93E9 = {
			isa = PBXGroup;
			children = (
				41784F872367696A00FB93E9 /* Caddie */,
				41784F9C2367696C00FB93E9 /* CaddieTests */,
				413C9A88237F2F5D00340C7F /* CaddieUnitTests */,
				41784F862367696A00FB93E9 /* Products */,
			);
			sourceTree = "<group>";
		};
		41784F862367696A00FB93E9 /* Products */ = {
			isa = PBXGroup;
			children = (
				41784F852367696A00FB93E9 /* Caddie.app */,
				413C9A87237F2F5D00340C7F /* CaddieUnitTests.xctest */,
			);
			name = Products;
			sourceTree = "<group>";
		};
		41784F872367696A00FB93E9 /* Caddie */ = {
			isa = PBXGroup;
			children = (
				413C9A82237F2C0500340C7F /* ViewControllers */,
				413C9A81237F2BE200340C7F /* Views */,
				413C9A80237F2BAB00340C7F /* VOs */,
				41784F882367696A00FB93E9 /* AppDelegate.swift */,
				41784F8C2367696A00FB93E9 /* Main.storyboard */,
				41784F8F2367696C00FB93E9 /* Assets.xcassets */,
				41784F912367696C00FB93E9 /* LaunchScreen.storyboard */,
				41784F942367696C00FB93E9 /* Info.plist */,
			);
			path = Caddie;
			sourceTree = "<group>";
		};
		41784F9C2367696C00FB93E9 /* CaddieTests */ = {
			isa = PBXGroup;
			children = (
				41784F9D2367696C00FB93E9 /* CaddieTests.swift */,
				41784F9F2367696C00FB93E9 /* Info.plist */,
			);
			path = CaddieTests;
			sourceTree = "<group>";
		};
/* End PBXGroup section */

/* Begin PBXNativeTarget section */
		413C9A86237F2F5D00340C7F /* CaddieUnitTests */ = {
			isa = PBXNativeTarget;
			buildConfigurationList = 413C9A8E237F2F5D00340C7F /* Build configuration list for PBXNativeTarget "CaddieUnitTests" */;
			buildPhases = (
				413C9A83237F2F5D00340C7F /* Sources */,
				413C9A84237F2F5D00340C7F /* Frameworks */,
				413C9A85237F2F5D00340C7F /* Resources */,
			);
			buildRules = (
			);
			dependencies = (
				413C9A8D237F2F5D00340C7F /* PBXTargetDependency */,
			);
			name = CaddieUnitTests;
			productName = CaddieUnitTests;
			productReference = 413C9A87237F2F5D00340C7F /* CaddieUnitTests.xctest */;
			productType = "com.apple.product-type.bundle.unit-test";
		};
		41784F842367696A00FB93E9 /* Caddie */ = {
			isa = PBXNativeTarget;
			buildConfigurationList = 41784FA22367696C00FB93E9 /* Build configuration list for PBXNativeTarget "Caddie" */;
			buildPhases = (
				41784F812367696A00FB93E9 /* Sources */,
				41784F822367696A00FB93E9 /* Frameworks */,
				41784F832367696A00FB93E9 /* Resources */,
			);
			buildRules = (
			);
			dependencies = (
			);
			name = Caddie;
			productName = Caddie;
			productReference = 41784F852367696A00FB93E9 /* Caddie.app */;
			productType = "com.apple.product-type.application";
		};
/* End PBXNativeTarget section */

/* Begin PBXProject section */
		41784F7D2367696A00FB93E9 /* Project object */ = {
			isa = PBXProject;
			attributes = {
				LastSwiftUpdateCheck = 1000;
				LastUpgradeCheck = 1000;
				ORGANIZATIONNAME = Andres;
				TargetAttributes = {
					413C9A86237F2F5D00340C7F = {
						CreatedOnToolsVersion = 10.0;
						TestTargetID = 41784F842367696A00FB93E9;
					};
					41784F842367696A00FB93E9 = {
						CreatedOnToolsVersion = 10.0;
					};
				};
			};
			buildConfigurationList = 41784F802367696A00FB93E9 /* Build configuration list for PBXProject "Caddie" */;
			compatibilityVersion = "Xcode 9.3";
			developmentRegion = en;
			hasScannedForEncodings = 0;
			knownRegions = (
				en,
				Base,
			);
			mainGroup = 41784F7C2367696A00FB93E9;
			productRefGroup = 41784F862367696A00FB93E9 /* Products */;
			projectDirPath = "";
			projectRoot = "";
			targets = (
				41784F842367696A00FB93E9 /* Caddie */,
				413C9A86237F2F5D00340C7F /* CaddieUnitTests */,
			);
		};
/* End PBXProject section */

/* Begin PBXResourcesBuildPhase section */
		413C9A85237F2F5D00340C7F /* Resources */ = {
			isa = PBXResourcesBuildPhase;
			buildActionMask = 2147483647;
			files = (
			);
			runOnlyForDeploymentPostprocessing = 0;
		};
		41784F832367696A00FB93E9 /* Resources */ = {
			isa = PBXResourcesBuildPhase;
			buildActionMask = 2147483647;
			files = (
				41784F932367696C00FB93E9 /* LaunchScreen.storyboard in Resources */,
				41784F902367696C00FB93E9 /* Assets.xcassets in Resources */,
				41784F8E2367696A00FB93E9 /* Main.storyboard in Resources */,
			);
			runOnlyForDeploymentPostprocessing = 0;
		};
/* End PBXResourcesBuildPhase section */

/* Begin PBXSourcesBuildPhase section */
		413C9A83237F2F5D00340C7F /* Sources */ = {
			isa = PBXSourcesBuildPhase;
			buildActionMask = 2147483647;
			files = (
				413C9A8A237F2F5D00340C7F /* CaddieUnitTests.swift in Sources */,
			);
			runOnlyForDeploymentPostprocessing = 0;
		};
		41784F812367696A00FB93E9 /* Sources */ = {
			isa = PBXSourcesBuildPhase;
			buildActionMask = 2147483647;
			files = (
				41986BEB2378C52900D0A85E /* TeamsKindTableViewController.swift in Sources */,
				41784F8B2367696A00FB93E9 /* HomeViewController.swift in Sources */,
				41986BE72378935C00D0A85E /* ConfigureTeamsViewController.swift in Sources */,
				41986BEF2378E73300D0A85E /* Team.swift in Sources */,
				413C9A7F237F236500340C7F /* Player.swift in Sources */,
				41784F892367696A00FB93E9 /* AppDelegate.swift in Sources */,
				41986BED2378C5BE00D0A85E /* TeamsKindTableViewCell.swift in Sources */,
				41FA558D2371F8560015B527 /* Course.swift in Sources */,
				41FA55892371F8050015B527 /* CourseTableViewController.swift in Sources */,
				41784FAD236770F600FB93E9 /* EditPlayerViewController.swift in Sources */,
				417466C72379CBBE00C6B282 /* PlayGameTableViewController.swift in Sources */,
				41784FAB23676FA500FB93E9 /* PlayerTableViewController.swift in Sources */,
				41986BE9237893E300D0A85E /* TeamsKindViewController.swift in Sources */,
				41FA558B2371F81E0015B527 /* CourseTableViewCell.swift in Sources */,
				41FA555D2371D73F0015B527 /* EditCourseViewController.swift in Sources */,
				41784FA923676B1C00FB93E9 /* PlayerTableViewCell.swift in Sources */,
			);
			runOnlyForDeploymentPostprocessing = 0;
		};
/* End PBXSourcesBuildPhase section */

/* Begin PBXTargetDependency section */
		413C9A8D237F2F5D00340C7F /* PBXTargetDependency */ = {
			isa = PBXTargetDependency;
			target = 41784F842367696A00FB93E9 /* Caddie */;
			targetProxy = 413C9A8C237F2F5D00340C7F /* PBXContainerItemProxy */;
		};
/* End PBXTargetDependency section */

/* Begin PBXVariantGroup section */
		41784F8C2367696A00FB93E9 /* Main.storyboard */ = {
			isa = PBXVariantGroup;
			children = (
				41784F8D2367696A00FB93E9 /* Base */,
			);
			name = Main.storyboard;
			sourceTree = "<group>";
		};
		41784F912367696C00FB93E9 /* LaunchScreen.storyboard */ = {
			isa = PBXVariantGroup;
			children = (
				41784F922367696C00FB93E9 /* Base */,
			);
			name = LaunchScreen.storyboard;
			sourceTree = "<group>";
		};
/* End PBXVariantGroup section */

/* Begin XCBuildConfiguration section */
		413C9A8F237F2F5D00340C7F /* Debug */ = {
			isa = XCBuildConfiguration;
			buildSettings = {
				BUNDLE_LOADER = "$(TEST_HOST)";
				CODE_SIGN_STYLE = Automatic;
				DEVELOPMENT_TEAM = 5QAYV63C5M;
				INFOPLIST_FILE = CaddieUnitTests/Info.plist;
				LD_RUNPATH_SEARCH_PATHS = (
					"$(inherited)",
					"@executable_path/Frameworks",
					"@loader_path/Frameworks",
				);
				PRODUCT_BUNDLE_IDENTIFIER = mario.com.CaddieUnitTests;
				PRODUCT_NAME = "$(TARGET_NAME)";
				SWIFT_VERSION = 4.2;
				TARGETED_DEVICE_FAMILY = "1,2";
				TEST_HOST = "$(BUILT_PRODUCTS_DIR)/Caddie.app/Caddie";
			};
			name = Debug;
		};
		413C9A90237F2F5D00340C7F /* Release */ = {
			isa = XCBuildConfiguration;
			buildSettings = {
				BUNDLE_LOADER = "$(TEST_HOST)";
				CODE_SIGN_STYLE = Automatic;
				DEVELOPMENT_TEAM = 5QAYV63C5M;
				INFOPLIST_FILE = CaddieUnitTests/Info.plist;
				LD_RUNPATH_SEARCH_PATHS = (
					"$(inherited)",
					"@executable_path/Frameworks",
					"@loader_path/Frameworks",
				);
				PRODUCT_BUNDLE_IDENTIFIER = mario.com.CaddieUnitTests;
				PRODUCT_NAME = "$(TARGET_NAME)";
				SWIFT_VERSION = 4.2;
				TARGETED_DEVICE_FAMILY = "1,2";
				TEST_HOST = "$(BUILT_PRODUCTS_DIR)/Caddie.app/Caddie";
			};
			name = Release;
		};
		41784FA02367696C00FB93E9 /* Debug */ = {
			isa = XCBuildConfiguration;
			buildSettings = {
				ALWAYS_SEARCH_USER_PATHS = NO;
				CLANG_ANALYZER_NONNULL = YES;
				CLANG_ANALYZER_NUMBER_OBJECT_CONVERSION = YES_AGGRESSIVE;
				CLANG_CXX_LANGUAGE_STANDARD = "gnu++14";
				CLANG_CXX_LIBRARY = "libc++";
				CLANG_ENABLE_MODULES = YES;
				CLANG_ENABLE_OBJC_ARC = YES;
				CLANG_ENABLE_OBJC_WEAK = YES;
				CLANG_WARN_BLOCK_CAPTURE_AUTORELEASING = YES;
				CLANG_WARN_BOOL_CONVERSION = YES;
				CLANG_WARN_COMMA = YES;
				CLANG_WARN_CONSTANT_CONVERSION = YES;
				CLANG_WARN_DEPRECATED_OBJC_IMPLEMENTATIONS = YES;
				CLANG_WARN_DIRECT_OBJC_ISA_USAGE = YES_ERROR;
				CLANG_WARN_DOCUMENTATION_COMMENTS = YES;
				CLANG_WARN_EMPTY_BODY = YES;
				CLANG_WARN_ENUM_CONVERSION = YES;
				CLANG_WARN_INFINITE_RECURSION = YES;
				CLANG_WARN_INT_CONVERSION = YES;
				CLANG_WARN_NON_LITERAL_NULL_CONVERSION = YES;
				CLANG_WARN_OBJC_IMPLICIT_RETAIN_SELF = YES;
				CLANG_WARN_OBJC_LITERAL_CONVERSION = YES;
				CLANG_WARN_OBJC_ROOT_CLASS = YES_ERROR;
				CLANG_WARN_RANGE_LOOP_ANALYSIS = YES;
				CLANG_WARN_STRICT_PROTOTYPES = YES;
				CLANG_WARN_SUSPICIOUS_MOVE = YES;
				CLANG_WARN_UNGUARDED_AVAILABILITY = YES_AGGRESSIVE;
				CLANG_WARN_UNREACHABLE_CODE = YES;
				CLANG_WARN__DUPLICATE_METHOD_MATCH = YES;
				CODE_SIGN_IDENTITY = "iPhone Developer";
				COPY_PHASE_STRIP = NO;
				DEBUG_INFORMATION_FORMAT = dwarf;
				ENABLE_STRICT_OBJC_MSGSEND = YES;
				ENABLE_TESTABILITY = YES;
				GCC_C_LANGUAGE_STANDARD = gnu11;
				GCC_DYNAMIC_NO_PIC = NO;
				GCC_NO_COMMON_BLOCKS = YES;
				GCC_OPTIMIZATION_LEVEL = 0;
				GCC_PREPROCESSOR_DEFINITIONS = (
					"DEBUG=1",
					"$(inherited)",
				);
				GCC_WARN_64_TO_32_BIT_CONVERSION = YES;
				GCC_WARN_ABOUT_RETURN_TYPE = YES_ERROR;
				GCC_WARN_UNDECLARED_SELECTOR = YES;
				GCC_WARN_UNINITIALIZED_AUTOS = YES_AGGRESSIVE;
				GCC_WARN_UNUSED_FUNCTION = YES;
				GCC_WARN_UNUSED_VARIABLE = YES;
				IPHONEOS_DEPLOYMENT_TARGET = 12.0;
				MTL_ENABLE_DEBUG_INFO = INCLUDE_SOURCE;
				MTL_FAST_MATH = YES;
				ONLY_ACTIVE_ARCH = YES;
				SDKROOT = iphoneos;
				SWIFT_ACTIVE_COMPILATION_CONDITIONS = DEBUG;
				SWIFT_OPTIMIZATION_LEVEL = "-Onone";
			};
			name = Debug;
		};
		41784FA12367696C00FB93E9 /* Release */ = {
			isa = XCBuildConfiguration;
			buildSettings = {
				ALWAYS_SEARCH_USER_PATHS = NO;
				CLANG_ANALYZER_NONNULL = YES;
				CLANG_ANALYZER_NUMBER_OBJECT_CONVERSION = YES_AGGRESSIVE;
				CLANG_CXX_LANGUAGE_STANDARD = "gnu++14";
				CLANG_CXX_LIBRARY = "libc++";
				CLANG_ENABLE_MODULES = YES;
				CLANG_ENABLE_OBJC_ARC = YES;
				CLANG_ENABLE_OBJC_WEAK = YES;
				CLANG_WARN_BLOCK_CAPTURE_AUTORELEASING = YES;
				CLANG_WARN_BOOL_CONVERSION = YES;
				CLANG_WARN_COMMA = YES;
				CLANG_WARN_CONSTANT_CONVERSION = YES;
				CLANG_WARN_DEPRECATED_OBJC_IMPLEMENTATIONS = YES;
				CLANG_WARN_DIRECT_OBJC_ISA_USAGE = YES_ERROR;
				CLANG_WARN_DOCUMENTATION_COMMENTS = YES;
				CLANG_WARN_EMPTY_BODY = YES;
				CLANG_WARN_ENUM_CONVERSION = YES;
				CLANG_WARN_INFINITE_RECURSION = YES;
				CLANG_WARN_INT_CONVERSION = YES;
				CLANG_WARN_NON_LITERAL_NULL_CONVERSION = YES;
				CLANG_WARN_OBJC_IMPLICIT_RETAIN_SELF = YES;
				CLANG_WARN_OBJC_LITERAL_CONVERSION = YES;
				CLANG_WARN_OBJC_ROOT_CLASS = YES_ERROR;
				CLANG_WARN_RANGE_LOOP_ANALYSIS = YES;
				CLANG_WARN_STRICT_PROTOTYPES = YES;
				CLANG_WARN_SUSPICIOUS_MOVE = YES;
				CLANG_WARN_UNGUARDED_AVAILABILITY = YES_AGGRESSIVE;
				CLANG_WARN_UNREACHABLE_CODE = YES;
				CLANG_WARN__DUPLICATE_METHOD_MATCH = YES;
				CODE_SIGN_IDENTITY = "iPhone Developer";
				COPY_PHASE_STRIP = NO;
				DEBUG_INFORMATION_FORMAT = "dwarf-with-dsym";
				ENABLE_NS_ASSERTIONS = NO;
				ENABLE_STRICT_OBJC_MSGSEND = YES;
				GCC_C_LANGUAGE_STANDARD = gnu11;
				GCC_NO_COMMON_BLOCKS = YES;
				GCC_WARN_64_TO_32_BIT_CONVERSION = YES;
				GCC_WARN_ABOUT_RETURN_TYPE = YES_ERROR;
				GCC_WARN_UNDECLARED_SELECTOR = YES;
				GCC_WARN_UNINITIALIZED_AUTOS = YES_AGGRESSIVE;
				GCC_WARN_UNUSED_FUNCTION = YES;
				GCC_WARN_UNUSED_VARIABLE = YES;
				IPHONEOS_DEPLOYMENT_TARGET = 12.0;
				MTL_ENABLE_DEBUG_INFO = NO;
				MTL_FAST_MATH = YES;
				SDKROOT = iphoneos;
				SWIFT_COMPILATION_MODE = wholemodule;
				SWIFT_OPTIMIZATION_LEVEL = "-O";
				VALIDATE_PRODUCT = YES;
			};
			name = Release;
		};
		41784FA32367696C00FB93E9 /* Debug */ = {
			isa = XCBuildConfiguration;
			buildSettings = {
				ASSETCATALOG_COMPILER_APPICON_NAME = AppIcon;
				CODE_SIGN_STYLE = Automatic;
				DEVELOPMENT_TEAM = 5QAYV63C5M;
				INFOPLIST_FILE = Caddie/Info.plist;
				LD_RUNPATH_SEARCH_PATHS = (
					"$(inherited)",
					"@executable_path/Frameworks",
				);
				PRODUCT_BUNDLE_IDENTIFIER = mario.com.Caddie;
				PRODUCT_NAME = "$(TARGET_NAME)";
				SWIFT_VERSION = 4.2;
				TARGETED_DEVICE_FAMILY = "1,2";
			};
			name = Debug;
		};
		41784FA42367696C00FB93E9 /* Release */ = {
			isa = XCBuildConfiguration;
			buildSettings = {
				ASSETCATALOG_COMPILER_APPICON_NAME = AppIcon;
				CODE_SIGN_STYLE = Automatic;
				DEVELOPMENT_TEAM = 5QAYV63C5M;
				INFOPLIST_FILE = Caddie/Info.plist;
				LD_RUNPATH_SEARCH_PATHS = (
					"$(inherited)",
					"@executable_path/Frameworks",
				);
				PRODUCT_BUNDLE_IDENTIFIER = mario.com.Caddie;
				PRODUCT_NAME = "$(TARGET_NAME)";
				SWIFT_VERSION = 4.2;
				TARGETED_DEVICE_FAMILY = "1,2";
			};
			name = Release;
		};
/* End XCBuildConfiguration section */

/* Begin XCConfigurationList section */
		413C9A8E237F2F5D00340C7F /* Build configuration list for PBXNativeTarget "CaddieUnitTests" */ = {
			isa = XCConfigurationList;
			buildConfigurations = (
				413C9A8F237F2F5D00340C7F /* Debug */,
				413C9A90237F2F5D00340C7F /* Release */,
			);
			defaultConfigurationIsVisible = 0;
			defaultConfigurationName = Release;
		};
		41784F802367696A00FB93E9 /* Build configuration list for PBXProject "Caddie" */ = {
			isa = XCConfigurationList;
			buildConfigurations = (
				41784FA02367696C00FB93E9 /* Debug */,
				41784FA12367696C00FB93E9 /* Release */,
			);
			defaultConfigurationIsVisible = 0;
			defaultConfigurationName = Release;
		};
		41784FA22367696C00FB93E9 /* Build configuration list for PBXNativeTarget "Caddie" */ = {
			isa = XCConfigurationList;
			buildConfigurations = (
				41784FA32367696C00FB93E9 /* Debug */,
				41784FA42367696C00FB93E9 /* Release */,
			);
			defaultConfigurationIsVisible = 0;
			defaultConfigurationName = Release;
		};
/* End XCConfigurationList section */
	};
	rootObject = 41784F7D2367696A00FB93E9 /* Project object */;
}
